
Microsoft Visual Studio Solution File, Format Version 12.00
# Visual Studio Version 17
VisualStudioVersion = 17.7.34202.233
MinimumVisualStudioVersion = 10.0.40219.1
Project("{9A19103F-16F7-4668-BE54-9A1E7A4F7556}") = "Web.API", "Web.API\Web.API.csproj", "{8BA235D8-E645-452C-A01E-CC46D283606A}"
EndProject
Project("{9A19103F-16F7-4668-BE54-9A1E7A4F7556}") = "Web.Shared", "Web.Shared\Web.Shared.csproj", "{EE2D881B-DD99-4F2D-BB11-A457E7F4A20C}"
EndProject
Project("{9A19103F-16F7-4668-BE54-9A1E7A4F7556}") = "Web.Client", "Web.Client\Web.Client.csproj", "{EFAC57E8-FB7B-4D93-9B10-3D7D9E820360}"
EndProject
Global
	GlobalSection(SolutionConfigurationPlatforms) = preSolution
		Debug|Any CPU = Debug|Any CPU
		Release|Any CPU = Release|Any CPU
	EndGlobalSection
	GlobalSection(ProjectConfigurationPlatforms) = postSolution
		{8BA235D8-E645-452C-A01E-CC46D283606A}.Debug|Any CPU.ActiveCfg = Debug|Any CPU
		{8BA235D8-E645-452C-A01E-CC46D283606A}.Debug|Any CPU.Build.0 = Debug|Any CPU
		{8BA235D8-E645-452C-A01E-CC46D283606A}.Release|Any CPU.ActiveCfg = Release|Any CPU
		{8BA235D8-E645-452C-A01E-CC46D283606A}.Release|Any CPU.Build.0 = Release|Any CPU
		{EE2D881B-DD99-4F2D-BB11-A457E7F4A20C}.Debug|Any CPU.ActiveCfg = Debug|Any CPU
		{EE2D881B-DD99-4F2D-BB11-A457E7F4A20C}.Debug|Any CPU.Build.0 = Debug|Any CPU
		{EE2D881B-DD99-4F2D-BB11-A457E7F4A20C}.Release|Any CPU.ActiveCfg = Release|Any CPU
		{EE2D881B-DD99-4F2D-BB11-A457E7F4A20C}.Release|Any CPU.Build.0 = Release|Any CPU
		{EFAC57E8-FB7B-4D93-9B10-3D7D9E820360}.Debug|Any CPU.ActiveCfg = Debug|Any CPU
		{EFAC57E8-FB7B-4D93-9B10-3D7D9E820360}.Debug|Any CPU.Build.0 = Debug|Any CPU
		{EFAC57E8-FB7B-4D93-9B10-3D7D9E820360}.Release|Any CPU.ActiveCfg = Release|Any CPU
		{EFAC57E8-FB7B-4D93-9B10-3D7D9E820360}.Release|Any CPU.Build.0 = Release|Any CPU
	EndGlobalSection
	GlobalSection(SolutionProperties) = preSolution
		HideSolutionNode = FALSE
	EndGlobalSection
	GlobalSection(ExtensibilityGlobals) = postSolution
		SolutionGuid = {0F6160DF-E86B-49B2-BD38-E2BA5FB90B63}
	EndGlobalSection
EndGlobal
